PODS:
  - Flutter (1.0.0)
  - lamp (0.0.1):
    - Flutter

DEPENDENCIES:
  - Flutter (from `Flutter`)
  - lamp (from `.symlinks/plugins/lamp/ios`)

EXTERNAL SOURCES:
  Flutter:
    :path: Flutter
  lamp:
    :path: ".symlinks/plugins/lamp/ios"

SPEC CHECKSUMS:
  Flutter: 0e3d915762c693b495b44d77113d4970485de6ec
  lamp: d36cd3552d535c77ab49112704c0c9386b9268bb

PODFILE CHECKSUM: aafe91acc616949ddb318b77800a7f51bffa2a4c

COCOAPODS: 1.9.3
